
Microsoft Visual Studio Solution File, Format Version 12.00
# Visual Studio 14
VisualStudioVersion = 14.0.25420.1
MinimumVisualStudioVersion = 10.0.40219.1
Project("{FAE04EC0-301F-11D3-BF4B-00C04F79EFBC}") = "ZonyLrcTools", "ZonyLrcTools\ZonyLrcTools.csproj", "{7B913615-3AEB-4295-A64A-BEF91DF93C71}"
EndProject
Project("{FAE04EC0-301F-11D3-BF4B-00C04F79EFBC}") = "LibPlug", "LibPlug\LibPlug.csproj", "{AA0B7F42-C97B-4052-B92A-E6AE2B63B14A}"
EndProject
Project("{FAE04EC0-301F-11D3-BF4B-00C04F79EFBC}") = "LibLyricNetEase", "LibLyricNetEase\LibLyricNetEase.csproj", "{CACF706F-0BB4-4D6F-8780-C1F2BAA4DEEC}"
EndProject
Project("{FAE04EC0-301F-11D3-BF4B-00C04F79EFBC}") = "LibNet", "LibNet\LibNet.csproj", "{D38DDC8C-36C2-47EB-B40E-3B5B11B469A9}"
EndProject
Project("{FAE04EC0-301F-11D3-BF4B-00C04F79EFBC}") = "LibMusicInfo.cs", "LibMusicInfo.cs\LibMusicInfo.cs.csproj", "{D5478546-C869-479D-A986-D75557CFB3AF}"
EndProject
Project("{FAE04EC0-301F-11D3-BF4B-00C04F79EFBC}") = "LibAlbumImg", "LibAlbumImg\LibAlbumImg.csproj", "{EE4489A4-8BA9-4752-9BDE-3CE4AFF20F70}"
EndProject
Project("{FAE04EC0-301F-11D3-BF4B-00C04F79EFBC}") = "LibLyricBaiDuMusic", "LibLyricBaiDu\LibLyricBaiDuMusic.csproj", "{9B6909E9-57DE-4607-9F44-9EBCD5612561}"
EndProject
Project("{FAE04EC0-301F-11D3-BF4B-00C04F79EFBC}") = "taglib-sharp", "LibTagLib\taglib-sharp.csproj", "{6B143A39-C7B2-4743-9917-92262C60E9A6}"
EndProject
Project("{FAE04EC0-301F-11D3-BF4B-00C04F79EFBC}") = "LibSingleLyricSearch", "LibSingleLyricSearch\LibSingleLyricSearch.csproj", "{96130558-9D29-4D2D-9207-88CBB2CDC93D}"
EndProject
Project("{FAE04EC0-301F-11D3-BF4B-00C04F79EFBC}") = "LibLyricQQMusic", "LibQQMusic\LibLyricQQMusic.csproj", "{2EDFE2A3-2BCA-40A5-A5EF-B783E949C1DF}"
EndProject
Global
	GlobalSection(SolutionConfigurationPlatforms) = preSolution
		Debug|Any CPU = Debug|Any CPU
		Release|Any CPU = Release|Any CPU
	EndGlobalSection
	GlobalSection(ProjectConfigurationPlatforms) = postSolution
		{7B913615-3AEB-4295-A64A-BEF91DF93C71}.Debug|Any CPU.ActiveCfg = Debug|Any CPU
		{7B913615-3AEB-4295-A64A-BEF91DF93C71}.Debug|Any CPU.Build.0 = Debug|Any CPU
		{7B913615-3AEB-4295-A64A-BEF91DF93C71}.Release|Any CPU.ActiveCfg = Release|Any CPU
		{7B913615-3AEB-4295-A64A-BEF91DF93C71}.Release|Any CPU.Build.0 = Release|Any CPU
		{AA0B7F42-C97B-4052-B92A-E6AE2B63B14A}.Debug|Any CPU.ActiveCfg = Debug|Any CPU
		{AA0B7F42-C97B-4052-B92A-E6AE2B63B14A}.Debug|Any CPU.Build.0 = Debug|Any CPU
		{AA0B7F42-C97B-4052-B92A-E6AE2B63B14A}.Release|Any CPU.ActiveCfg = Release|Any CPU
		{AA0B7F42-C97B-4052-B92A-E6AE2B63B14A}.Release|Any CPU.Build.0 = Release|Any CPU
		{CACF706F-0BB4-4D6F-8780-C1F2BAA4DEEC}.Debug|Any CPU.ActiveCfg = Debug|Any CPU
		{CACF706F-0BB4-4D6F-8780-C1F2BAA4DEEC}.Debug|Any CPU.Build.0 = Debug|Any CPU
		{CACF706F-0BB4-4D6F-8780-C1F2BAA4DEEC}.Release|Any CPU.ActiveCfg = Release|Any CPU
		{CACF706F-0BB4-4D6F-8780-C1F2BAA4DEEC}.Release|Any CPU.Build.0 = Release|Any CPU
		{D38DDC8C-36C2-47EB-B40E-3B5B11B469A9}.Debug|Any CPU.ActiveCfg = Debug|Any CPU
		{D38DDC8C-36C2-47EB-B40E-3B5B11B469A9}.Debug|Any CPU.Build.0 = Debug|Any CPU
		{D38DDC8C-36C2-47EB-B40E-3B5B11B469A9}.Release|Any CPU.ActiveCfg = Release|Any CPU
		{D38DDC8C-36C2-47EB-B40E-3B5B11B469A9}.Release|Any CPU.Build.0 = Release|Any CPU
		{D5478546-C869-479D-A986-D75557CFB3AF}.Debug|Any CPU.ActiveCfg = Debug|Any CPU
		{D5478546-C869-479D-A986-D75557CFB3AF}.Debug|Any CPU.Build.0 = Debug|Any CPU
		{D5478546-C869-479D-A986-D75557CFB3AF}.Release|Any CPU.ActiveCfg = Release|Any CPU
		{D5478546-C869-479D-A986-D75557CFB3AF}.Release|Any CPU.Build.0 = Release|Any CPU
		{EE4489A4-8BA9-4752-9BDE-3CE4AFF20F70}.Debug|Any CPU.ActiveCfg = Debug|Any CPU
		{EE4489A4-8BA9-4752-9BDE-3CE4AFF20F70}.Debug|Any CPU.Build.0 = Debug|Any CPU
		{EE4489A4-8BA9-4752-9BDE-3CE4AFF20F70}.Release|Any CPU.ActiveCfg = Release|Any CPU
		{EE4489A4-8BA9-4752-9BDE-3CE4AFF20F70}.Release|Any CPU.Build.0 = Release|Any CPU
		{9B6909E9-57DE-4607-9F44-9EBCD5612561}.Debug|Any CPU.ActiveCfg = Debug|Any CPU
		{9B6909E9-57DE-4607-9F44-9EBCD5612561}.Debug|Any CPU.Build.0 = Debug|Any CPU
		{9B6909E9-57DE-4607-9F44-9EBCD5612561}.Release|Any CPU.ActiveCfg = Release|Any CPU
		{9B6909E9-57DE-4607-9F44-9EBCD5612561}.Release|Any CPU.Build.0 = Release|Any CPU
		{6B143A39-C7B2-4743-9917-92262C60E9A6}.Debug|Any CPU.ActiveCfg = Debug|Any CPU
		{6B143A39-C7B2-4743-9917-92262C60E9A6}.Debug|Any CPU.Build.0 = Debug|Any CPU
		{6B143A39-C7B2-4743-9917-92262C60E9A6}.Release|Any CPU.ActiveCfg = Release|Any CPU
		{6B143A39-C7B2-4743-9917-92262C60E9A6}.Release|Any CPU.Build.0 = Release|Any CPU
		{96130558-9D29-4D2D-9207-88CBB2CDC93D}.Debug|Any CPU.ActiveCfg = Debug|Any CPU
		{96130558-9D29-4D2D-9207-88CBB2CDC93D}.Debug|Any CPU.Build.0 = Debug|Any CPU
		{96130558-9D29-4D2D-9207-88CBB2CDC93D}.Release|Any CPU.ActiveCfg = Release|Any CPU
		{96130558-9D29-4D2D-9207-88CBB2CDC93D}.Release|Any CPU.Build.0 = Release|Any CPU
		{2EDFE2A3-2BCA-40A5-A5EF-B783E949C1DF}.Debug|Any CPU.ActiveCfg = Debug|Any CPU
		{2EDFE2A3-2BCA-40A5-A5EF-B783E949C1DF}.Debug|Any CPU.Build.0 = Debug|Any CPU
		{2EDFE2A3-2BCA-40A5-A5EF-B783E949C1DF}.Release|Any CPU.ActiveCfg = Release|Any CPU
		{2EDFE2A3-2BCA-40A5-A5EF-B783E949C1DF}.Release|Any CPU.Build.0 = Release|Any CPU
	EndGlobalSection
	GlobalSection(SolutionProperties) = preSolution
		HideSolutionNode = FALSE
	EndGlobalSection
EndGlobal
